
Microsoft Visual Studio Solution File, Format Version 12.00
# Visual Studio Version 16
VisualStudioVersion = 16.0.29306.81
MinimumVisualStudioVersion = 10.0.40219.1
Project("{FAE04EC0-301F-11D3-BF4B-00C04F79EFBC}") = "AreaCalc", "AreaCalc\AreaCalc.csproj", "{5BA8C88B-7D79-482E-994F-B69A8D8413D3}"
EndProject
Global
	GlobalSection(SolutionConfigurationPlatforms) = preSolution
		Debug|Any CPU = Debug|Any CPU
		Release|Any CPU = Release|Any CPU
	EndGlobalSection
	GlobalSection(ProjectConfigurationPlatforms) = postSolution
		{5BA8C88B-7D79-482E-994F-B69A8D8413D3}.Debug|Any CPU.ActiveCfg = Debug|Any CPU
		{5BA8C88B-7D79-482E-994F-B69A8D8413D3}.Debug|Any CPU.Build.0 = Debug|Any CPU
		{5BA8C88B-7D79-482E-994F-B69A8D8413D3}.Release|Any CPU.ActiveCfg = Release|Any CPU
		{5BA8C88B-7D79-482E-994F-B69A8D8413D3}.Release|Any CPU.Build.0 = Release|Any CPU
	EndGlobalSection
	GlobalSection(SolutionProperties) = preSolution
		HideSolutionNode = FALSE
	EndGlobalSection
	GlobalSection(ExtensibilityGlobals) = postSolution
		SolutionGuid = {6EF905A3-463D-4C99-B0F5-47CE38BED4A5}
	EndGlobalSection
EndGlobal
